
Microsoft Visual Studio Solution File, Format Version 12.00
# Visual Studio Version 17
VisualStudioVersion = 17.14.36804.6 d17.14
MinimumVisualStudioVersion = 10.0.40219.1
Project("{FAE04EC0-301F-11D3-BF4B-00C04F79EFBC}") = "LibrusMauiApp", "LibrusMauiApp.csproj", "{C1532A6C-C924-451F-8746-B0998B96CC8A}"
EndProject
Global
	GlobalSection(SolutionConfigurationPlatforms) = preSolution
		Debug|Any CPU = Debug|Any CPU
		Release|Any CPU = Release|Any CPU
	EndGlobalSection
	GlobalSection(ProjectConfigurationPlatforms) = postSolution
		{C1532A6C-C924-451F-8746-B0998B96CC8A}.Debug|Any CPU.ActiveCfg = Debug|Any CPU
		{C1532A6C-C924-451F-8746-B0998B96CC8A}.Debug|Any CPU.Build.0 = Debug|Any CPU
		{C1532A6C-C924-451F-8746-B0998B96CC8A}.Release|Any CPU.ActiveCfg = Release|Any CPU
		{C1532A6C-C924-451F-8746-B0998B96CC8A}.Release|Any CPU.Build.0 = Release|Any CPU
	EndGlobalSection
	GlobalSection(SolutionProperties) = preSolution
		HideSolutionNode = FALSE
	EndGlobalSection
	GlobalSection(ExtensibilityGlobals) = postSolution
		SolutionGuid = {4E7FCDB8-B211-416E-BEE8-A017BBD1E22B}
	EndGlobalSection
EndGlobal
