
Microsoft Visual Studio Solution File, Format Version 12.00
# Visual Studio Version 17
VisualStudioVersion = 17.14.36804.6 d17.14
MinimumVisualStudioVersion = 10.0.40219.1
Project("{FAE04EC0-301F-11D3-BF4B-00C04F79EFBC}") = "HelloWolrdMauiApp", "HelloWolrdMauiApp.csproj", "{682D7611-F503-45D1-AB0E-762BFAF489F9}"
EndProject
Global
	GlobalSection(SolutionConfigurationPlatforms) = preSolution
		Debug|Any CPU = Debug|Any CPU
		Release|Any CPU = Release|Any CPU
	EndGlobalSection
	GlobalSection(ProjectConfigurationPlatforms) = postSolution
		{682D7611-F503-45D1-AB0E-762BFAF489F9}.Debug|Any CPU.ActiveCfg = Debug|Any CPU
		{682D7611-F503-45D1-AB0E-762BFAF489F9}.Debug|Any CPU.Build.0 = Debug|Any CPU
		{682D7611-F503-45D1-AB0E-762BFAF489F9}.Release|Any CPU.ActiveCfg = Release|Any CPU
		{682D7611-F503-45D1-AB0E-762BFAF489F9}.Release|Any CPU.Build.0 = Release|Any CPU
	EndGlobalSection
	GlobalSection(SolutionProperties) = preSolution
		HideSolutionNode = FALSE
	EndGlobalSection
	GlobalSection(ExtensibilityGlobals) = postSolution
		SolutionGuid = {2347FFA8-732A-49BC-A7C4-93E390896F1D}
	EndGlobalSection
EndGlobal
